
Microsoft Visual Studio Solution File, Format Version 12.00
# Visual Studio Version 17
VisualStudioVersion = 17.5.33516.290
MinimumVisualStudioVersion = 10.0.40219.1
Project("{FAE04EC0-301F-11D3-BF4B-00C04F79EFBC}") = "CaptureImage", "CaptureImage.csproj", "{58529F23-F1AD-4C00-AFF5-D54037A22AEF}"
EndProject
Global
	GlobalSection(SolutionConfigurationPlatforms) = preSolution
		Debug|Any CPU = Debug|Any CPU
		Release|Any CPU = Release|Any CPU
	EndGlobalSection
	GlobalSection(ProjectConfigurationPlatforms) = postSolution
		{58529F23-F1AD-4C00-AFF5-D54037A22AEF}.Debug|Any CPU.ActiveCfg = Debug|Any CPU
		{58529F23-F1AD-4C00-AFF5-D54037A22AEF}.Debug|Any CPU.Build.0 = Debug|Any CPU
		{58529F23-F1AD-4C00-AFF5-D54037A22AEF}.Release|Any CPU.ActiveCfg = Release|Any CPU
		{58529F23-F1AD-4C00-AFF5-D54037A22AEF}.Release|Any CPU.Build.0 = Release|Any CPU
	EndGlobalSection
	GlobalSection(SolutionProperties) = preSolution
		HideSolutionNode = FALSE
	EndGlobalSection
	GlobalSection(ExtensibilityGlobals) = postSolution
		SolutionGuid = {D5D1BC7A-797C-42E2-9F99-8F8B79BA0122}
	EndGlobalSection
EndGlobal
